// !$*UTF8*$!
{
	archiveVersion = 1;
	classes = {
	};
	objectVersion = 46;
	objects = {

/* Begin PBXBuildFile section */
		CF1C59161EA3033D0074BE88 /* SingleViewController.swift in Sources */ = {isa = PBXBuildFile; fileRef = CF1C59151EA3033D0074BE88 /* SingleViewController.swift */; };
		CF1C59181EA310E30074BE88 /* RecipeCell.swift in Sources */ = {isa = PBXBuildFile; fileRef = CF1C59171EA310E30074BE88 /* RecipeCell.swift */; };
		CF1C591C1EA31B240074BE88 /* FullRecipeCell.swift in Sources */ = {isa = PBXBuildFile; fileRef = CF1C591B1EA31B240074BE88 /* FullRecipeCell.swift */; };
		CF1C591E1EA31B7B0074BE88 /* FullRecipe.swift in Sources */ = {isa = PBXBuildFile; fileRef = CF1C591D1EA31B7B0074BE88 /* FullRecipe.swift */; };
		CF41BADB1EB7DB8C000A76AB /* DetailViewController.swift in Sources */ = {isa = PBXBuildFile; fileRef = CF41BADA1EB7DB8C000A76AB /* DetailViewController.swift */; };
		CF41BADD1EB7E4FD000A76AB /* RecipeDetailViewCell.swift in Sources */ = {isa = PBXBuildFile; fileRef = CF41BADC1EB7E4FD000A76AB /* RecipeDetailViewCell.swift */; };
		CF4F81E51E9FE8E60083642E /* AppDelegate.swift in Sources */ = {isa = PBXBuildFile; fileRef = CF4F81E41E9FE8E60083642E /* AppDelegate.swift */; };
		CF4F81E71E9FE8E60083642E /* ViewController.swift in Sources */ = {isa = PBXBuildFile; fileRef = CF4F81E61E9FE8E60083642E /* ViewController.swift */; };
		CF4F81EA1E9FE8E60083642E /* Main.storyboard in Resources */ = {isa = PBXBuildFile; fileRef = CF4F81E81E9FE8E60083642E /* Main.storyboard */; };
		CF4F81EC1E9FE8E60083642E /* Assets.xcassets in Resources */ = {isa = PBXBuildFile; fileRef = CF4F81EB1E9FE8E60083642E /* Assets.xcassets */; };
		CF4F81EF1E9FE8E60083642E /* LaunchScreen.storyboard in Resources */ = {isa = PBXBuildFile; fileRef = CF4F81ED1E9FE8E60083642E /* LaunchScreen.storyboard */; };
		CF4F81F71E9FEC1A0083642E /* Recipe.swift in Sources */ = {isa = PBXBuildFile; fileRef = CF4F81F61E9FEC1A0083642E /* Recipe.swift */; };
		CFAC6EF31EEB821F00004F4C /* ReviewViewController.swift in Sources */ = {isa = PBXBuildFile; fileRef = CFAC6EF21EEB821F00004F4C /* ReviewViewController.swift */; };
/* End PBXBuildFile section */

/* Begin PBXFileReference section */
		CF1C59151EA3033D0074BE88 /* SingleViewController.swift */ = {isa = PBXFileReference; fileEncoding = 4; lastKnownFileType = sourcecode.swift; path = SingleViewController.swift; sourceTree = "<group>"; };
		CF1C59171EA310E30074BE88 /* RecipeCell.swift */ = {isa = PBXFileReference; fileEncoding = 4; lastKnownFileType = sourcecode.swift; path = RecipeCell.swift; sourceTree = "<group>"; };
		CF1C591B1EA31B240074BE88 /* FullRecipeCell.swift */ = {isa = PBXFileReference; fileEncoding = 4; lastKnownFileType = sourcecode.swift; name = FullRecipeCell.swift; path = ../FullRecipeCell.swift; sourceTree = "<group>"; };
		CF1C591D1EA31B7B0074BE88 /* FullRecipe.swift */ = {isa = PBXFileReference; fileEncoding = 4; lastKnownFileType = sourcecode.swift; path = FullRecipe.swift; sourceTree = "<group>"; };
		CF41BADA1EB7DB8C000A76AB /* DetailViewController.swift */ = {isa = PBXFileReference; fileEncoding = 4; lastKnownFileType = sourcecode.swift; path = DetailViewController.swift; sourceTree = "<group>"; };
		CF41BADC1EB7E4FD000A76AB /* RecipeDetailViewCell.swift */ = {isa = PBXFileReference; fileEncoding = 4; lastKnownFileType = sourcecode.swift; path = RecipeDetailViewCell.swift; sourceTree = "<group>"; };
		CF4F81E11E9FE8E60083642E /* MisRecetas.app */ = {isa = PBXFileReference; explicitFileType = wrapper.application; includeInIndex = 0; path = MisRecetas.app; sourceTree = BUILT_PRODUCTS_DIR; };
		CF4F81E41E9FE8E60083642E /* AppDelegate.swift */ = {isa = PBXFileReference; lastKnownFileType = sourcecode.swift; path = AppDelegate.swift; sourceTree = "<group>"; };
		CF4F81E61E9FE8E60083642E /* ViewController.swift */ = {isa = PBXFileReference; lastKnownFileType = sourcecode.swift; path = ViewController.swift; sourceTree = "<group>"; };
		CF4F81E91E9FE8E60083642E /* Base */ = {isa = PBXFileReference; lastKnownFileType = file.storyboard; name = Base; path = Base.lproj/Main.storyboard; sourceTree = "<group>"; };
		CF4F81EB1E9FE8E60083642E /* Assets.xcassets */ = {isa = PBXFileReference; lastKnownFileType = folder.assetcatalog; path = Assets.xcassets; sourceTree = "<group>"; };
		CF4F81EE1E9FE8E60083642E /* Base */ = {isa = PBXFileReference; lastKnownFileType = file.storyboard; name = Base; path = Base.lproj/LaunchScreen.storyboard; sourceTree = "<group>"; };
		CF4F81F01E9FE8E60083642E /* Info.plist */ = {isa = PBXFileReference; lastKnownFileType = text.plist.xml; path = Info.plist; sourceTree = "<group>"; };
		CF4F81F61E9FEC1A0083642E /* Recipe.swift */ = {isa = PBXFileReference; fileEncoding = 4; lastKnownFileType = sourcecode.swift; path = Recipe.swift; sourceTree = "<group>"; };
		CFAC6EF21EEB821F00004F4C /* ReviewViewController.swift */ = {isa = PBXFileReference; fileEncoding = 4; lastKnownFileType = sourcecode.swift; path = ReviewViewController.swift; sourceTree = "<group>"; };
/* End PBXFileReference section */

/* Begin PBXFrameworksBuildPhase section */
		CF4F81DE1E9FE8E60083642E /* Frameworks */ = {
			isa = PBXFrameworksBuildPhase;
			buildActionMask = 2147483647;
			files = (
			);
			runOnlyForDeploymentPostprocessing = 0;
		};
/* End PBXFrameworksBuildPhase section */

/* Begin PBXGroup section */
		CF4F81D81E9FE8E60083642E = {
			isa = PBXGroup;
			children = (
				CF4F81E31E9FE8E60083642E /* MisRecetas */,
				CF4F81E21E9FE8E60083642E /* Products */,
			);
			sourceTree = "<group>";
		};
		CF4F81E21E9FE8E60083642E /* Products */ = {
			isa = PBXGroup;
			children = (
				CF4F81E11E9FE8E60083642E /* MisRecetas.app */,
			);
			name = Products;
			sourceTree = "<group>";
		};
		CF4F81E31E9FE8E60083642E /* MisRecetas */ = {
			isa = PBXGroup;
			children = (
				CF4F81E41E9FE8E60083642E /* AppDelegate.swift */,
				CF4F81E61E9FE8E60083642E /* ViewController.swift */,
				CF1C591D1EA31B7B0074BE88 /* FullRecipe.swift */,
				CF4F81E81E9FE8E60083642E /* Main.storyboard */,
				CF41BADC1EB7E4FD000A76AB /* RecipeDetailViewCell.swift */,
				CF41BADA1EB7DB8C000A76AB /* DetailViewController.swift */,
				CF4F81F61E9FEC1A0083642E /* Recipe.swift */,
				CF4F81EB1E9FE8E60083642E /* Assets.xcassets */,
				CF4F81ED1E9FE8E60083642E /* LaunchScreen.storyboard */,
				CF4F81F01E9FE8E60083642E /* Info.plist */,
				CF1C59151EA3033D0074BE88 /* SingleViewController.swift */,
				CF1C59171EA310E30074BE88 /* RecipeCell.swift */,
				CF1C591B1EA31B240074BE88 /* FullRecipeCell.swift */,
				CFAC6EF21EEB821F00004F4C /* ReviewViewController.swift */,
			);
			path = MisRecetas;
			sourceTree = "<group>";
		};
/* End PBXGroup section */

/* Begin PBXNativeTarget section */
		CF4F81E01E9FE8E60083642E /* MisRecetas */ = {
			isa = PBXNativeTarget;
			buildConfigurationList = CF4F81F31E9FE8E60083642E /* Build configuration list for PBXNativeTarget "MisRecetas" */;
			buildPhases = (
				CF4F81DD1E9FE8E60083642E /* Sources */,
				CF4F81DE1E9FE8E60083642E /* Frameworks */,
				CF4F81DF1E9FE8E60083642E /* Resources */,
			);
			buildRules = (
			);
			dependencies = (
			);
			name = MisRecetas;
			productName = MisRecetas;
			productReference = CF4F81E11E9FE8E60083642E /* MisRecetas.app */;
			productType = "com.apple.product-type.application";
		};
/* End PBXNativeTarget section */

/* Begin PBXProject section */
		CF4F81D91E9FE8E60083642E /* Project object */ = {
			isa = PBXProject;
			attributes = {
				LastSwiftUpdateCheck = 0830;
				LastUpgradeCheck = 0830;
				ORGANIZATIONNAME = "Jorge Gabriel Gutierrez Ruiz";
				TargetAttributes = {
					CF4F81E01E9FE8E60083642E = {
						CreatedOnToolsVersion = 8.3.1;
						DevelopmentTeam = 3BPBZA75D8;
						ProvisioningStyle = Automatic;
					};
				};
			};
			buildConfigurationList = CF4F81DC1E9FE8E60083642E /* Build configuration list for PBXProject "MisRecetas" */;
			compatibilityVersion = "Xcode 3.2";
			developmentRegion = English;
			hasScannedForEncodings = 0;
			knownRegions = (
				en,
				Base,
			);
			mainGroup = CF4F81D81E9FE8E60083642E;
			productRefGroup = CF4F81E21E9FE8E60083642E /* Products */;
			projectDirPath = "";
			projectRoot = "";
			targets = (
				CF4F81E01E9FE8E60083642E /* MisRecetas */,
			);
		};
/* End PBXProject section */

/* Begin PBXResourcesBuildPhase section */
		CF4F81DF1E9FE8E60083642E /* Resources */ = {
			isa = PBXResourcesBuildPhase;
			buildActionMask = 2147483647;
			files = (
				CF4F81EF1E9FE8E60083642E /* LaunchScreen.storyboard in Resources */,
				CF4F81EC1E9FE8E60083642E /* Assets.xcassets in Resources */,
				CF4F81EA1E9FE8E60083642E /* Main.storyboard in Resources */,
			);
			runOnlyForDeploymentPostprocessing = 0;
		};
/* End PBXResourcesBuildPhase section */

/* Begin PBXSourcesBuildPhase section */
		CF4F81DD1E9FE8E60083642E /* Sources */ = {
			isa = PBXSourcesBuildPhase;
			buildActionMask = 2147483647;
			files = (
				CF1C591C1EA31B240074BE88 /* FullRecipeCell.swift in Sources */,
				CF41BADD1EB7E4FD000A76AB /* RecipeDetailViewCell.swift in Sources */,
				CFAC6EF31EEB821F00004F4C /* ReviewViewController.swift in Sources */,
				CF1C59181EA310E30074BE88 /* RecipeCell.swift in Sources */,
				CF4F81F71E9FEC1A0083642E /* Recipe.swift in Sources */,
				CF4F81E71E9FE8E60083642E /* ViewController.swift in Sources */,
				CF1C591E1EA31B7B0074BE88 /* FullRecipe.swift in Sources */,
				CF1C59161EA3033D0074BE88 /* SingleViewController.swift in Sources */,
				CF4F81E51E9FE8E60083642E /* AppDelegate.swift in Sources */,
				CF41BADB1EB7DB8C000A76AB /* DetailViewController.swift in Sources */,
			);
			runOnlyForDeploymentPostprocessing = 0;
		};
/* End PBXSourcesBuildPhase section */

/* Begin PBXVariantGroup section */
		CF4F81E81E9FE8E60083642E /* Main.storyboard */ = {
			isa = PBXVariantGroup;
			children = (
				CF4F81E91E9FE8E60083642E /* Base */,
			);
			name = Main.storyboard;
			sourceTree = "<group>";
		};
		CF4F81ED1E9FE8E60083642E /* LaunchScreen.storyboard */ = {
			isa = PBXVariantGroup;
			children = (
				CF4F81EE1E9FE8E60083642E /* Base */,
			);
			name = LaunchScreen.storyboard;
			sourceTree = "<group>";
		};
/* End PBXVariantGroup section */

/* Begin XCBuildConfiguration section */
		CF4F81F11E9FE8E60083642E /* Debug */ = {
			isa = XCBuildConfiguration;
			buildSettings = {
				ALWAYS_SEARCH_USER_PATHS = NO;
				CLANG_ANALYZER_NONNULL = YES;
				CLANG_ANALYZER_NUMBER_OBJECT_CONVERSION = YES_AGGRESSIVE;
				CLANG_CXX_LANGUAGE_STANDARD = "gnu++0x";
				CLANG_CXX_LIBRARY = "libc++";
				CLANG_ENABLE_MODULES = YES;
				CLANG_ENABLE_OBJC_ARC = YES;
				CLANG_WARN_BOOL_CONVERSION = YES;
				CLANG_WARN_CONSTANT_CONVERSION = YES;
				CLANG_WARN_DIRECT_OBJC_ISA_USAGE = YES_ERROR;
				CLANG_WARN_DOCUMENTATION_COMMENTS = YES;
				CLANG_WARN_EMPTY_BODY = YES;
				CLANG_WARN_ENUM_CONVERSION = YES;
				CLANG_WARN_INFINITE_RECURSION = YES;
				CLANG_WARN_INT_CONVERSION = YES;
				CLANG_WARN_OBJC_ROOT_CLASS = YES_ERROR;
				CLANG_WARN_SUSPICIOUS_MOVE = YES;
				CLANG_WARN_UNREACHABLE_CODE = YES;
				CLANG_WARN__DUPLICATE_METHOD_MATCH = YES;
				"CODE_SIGN_IDENTITY[sdk=iphoneos*]" = "iPhone Developer";
				COPY_PHASE_STRIP = NO;
				DEBUG_INFORMATION_FORMAT = dwarf;
				ENABLE_STRICT_OBJC_MSGSEND = YES;
				ENABLE_TESTABILITY = YES;
				GCC_C_LANGUAGE_STANDARD = gnu99;
				GCC_DYNAMIC_NO_PIC = NO;
				GCC_NO_COMMON_BLOCKS = YES;
				GCC_OPTIMIZATION_LEVEL = 0;
				GCC_PREPROCESSOR_DEFINITIONS = (
					"DEBUG=1",
					"$(inherited)",
				);
				GCC_WARN_64_TO_32_BIT_CONVERSION = YES;
				GCC_WARN_ABOUT_RETURN_TYPE = YES_ERROR;
				GCC_WARN_UNDECLARED_SELECTOR = YES;
				GCC_WARN_UNINITIALIZED_AUTOS = YES_AGGRESSIVE;
				GCC_WARN_UNUSED_FUNCTION = YES;
				GCC_WARN_UNUSED_VARIABLE = YES;
				IPHONEOS_DEPLOYMENT_TARGET = 10.3;
				MTL_ENABLE_DEBUG_INFO = YES;
				ONLY_ACTIVE_ARCH = YES;
				SDKROOT = iphoneos;
				SWIFT_ACTIVE_COMPILATION_CONDITIONS = DEBUG;
				SWIFT_OPTIMIZATION_LEVEL = "-Onone";
				TARGETED_DEVICE_FAMILY = "1,2";
			};
			name = Debug;
		};
		CF4F81F21E9FE8E60083642E /* Release */ = {
			isa = XCBuildConfiguration;
			buildSettings = {
				ALWAYS_SEARCH_USER_PATHS = NO;
				CLANG_ANALYZER_NONNULL = YES;
				CLANG_ANALYZER_NUMBER_OBJECT_CONVERSION = YES_AGGRESSIVE;
				CLANG_CXX_LANGUAGE_STANDARD = "gnu++0x";
				CLANG_CXX_LIBRARY = "libc++";
				CLANG_ENABLE_MODULES = YES;
				CLANG_ENABLE_OBJC_ARC = YES;
				CLANG_WARN_BOOL_CONVERSION = YES;
				CLANG_WARN_CONSTANT_CONVERSION = YES;
				CLANG_WARN_DIRECT_OBJC_ISA_USAGE = YES_ERROR;
				CLANG_WARN_DOCUMENTATION_COMMENTS = YES;
				CLANG_WARN_EMPTY_BODY = YES;
				CLANG_WARN_ENUM_CONVERSION = YES;
				CLANG_WARN_INFINITE_RECURSION = YES;
				CLANG_WARN_INT_CONVERSION = YES;
				CLANG_WARN_OBJC_ROOT_CLASS = YES_ERROR;
				CLANG_WARN_SUSPICIOUS_MOVE = YES;
				CLANG_WARN_UNREACHABLE_CODE = YES;
				CLANG_WARN__DUPLICATE_METHOD_MATCH = YES;
				"CODE_SIGN_IDENTITY[sdk=iphoneos*]" = "iPhone Developer";
				COPY_PHASE_STRIP = NO;
				DEBUG_INFORMATION_FORMAT = "dwarf-with-dsym";
				ENABLE_NS_ASSERTIONS = NO;
				ENABLE_STRICT_OBJC_MSGSEND = YES;
				GCC_C_LANGUAGE_STANDARD = gnu99;
				GCC_NO_COMMON_BLOCKS = YES;
				GCC_WARN_64_TO_32_BIT_CONVERSION = YES;
				GCC_WARN_ABOUT_RETURN_TYPE = YES_ERROR;
				GCC_WARN_UNDECLARED_SELECTOR = YES;
				GCC_WARN_UNINITIALIZED_AUTOS = YES_AGGRESSIVE;
				GCC_WARN_UNUSED_FUNCTION = YES;
				GCC_WARN_UNUSED_VARIABLE = YES;
				IPHONEOS_DEPLOYMENT_TARGET = 10.3;
				MTL_ENABLE_DEBUG_INFO = NO;
				SDKROOT = iphoneos;
				SWIFT_OPTIMIZATION_LEVEL = "-Owholemodule";
				TARGETED_DEVICE_FAMILY = "1,2";
				VALIDATE_PRODUCT = YES;
			};
			name = Release;
		};
		CF4F81F41E9FE8E60083642E /* Debug */ = {
			isa = XCBuildConfiguration;
			buildSettings = {
				ASSETCATALOG_COMPILER_APPICON_NAME = AppIcon;
				DEVELOPMENT_TEAM = 3BPBZA75D8;
				INFOPLIST_FILE = MisRecetas/Info.plist;
				LD_RUNPATH_SEARCH_PATHS = "$(inherited) @executable_path/Frameworks";
				PRODUCT_BUNDLE_IDENTIFIER = com.jorgegabriel.MisRecetas;
				PRODUCT_NAME = "$(TARGET_NAME)";
				SWIFT_VERSION = 3.0;
			};
			name = Debug;
		};
		CF4F81F51E9FE8E60083642E /* Release */ = {
			isa = XCBuildConfiguration;
			buildSettings = {
				ASSETCATALOG_COMPILER_APPICON_NAME = AppIcon;
				DEVELOPMENT_TEAM = 3BPBZA75D8;
				INFOPLIST_FILE = MisRecetas/Info.plist;
				LD_RUNPATH_SEARCH_PATHS = "$(inherited) @executable_path/Frameworks";
				PRODUCT_BUNDLE_IDENTIFIER = com.jorgegabriel.MisRecetas;
				PRODUCT_NAME = "$(TARGET_NAME)";
				SWIFT_VERSION = 3.0;
			};
			name = Release;
		};
/* End XCBuildConfiguration section */

/* Begin XCConfigurationList section */
		CF4F81DC1E9FE8E60083642E /* Build configuration list for PBXProject "MisRecetas" */ = {
			isa = XCConfigurationList;
			buildConfigurations = (
				CF4F81F11E9FE8E60083642E /* Debug */,
				CF4F81F21E9FE8E60083642E /* Release */,
			);
			defaultConfigurationIsVisible = 0;
			defaultConfigurationName = Release;
		};
		CF4F81F31E9FE8E60083642E /* Build configuration list for PBXNativeTarget "MisRecetas" */ = {
			isa = XCConfigurationList;
			buildConfigurations = (
				CF4F81F41E9FE8E60083642E /* Debug */,
				CF4F81F51E9FE8E60083642E /* Release */,
			);
			defaultConfigurationIsVisible = 0;
			defaultConfigurationName = Release;
		};
/* End XCConfigurationList section */
	};
	rootObject = CF4F81D91E9FE8E60083642E /* Project object */;
}
